
Microsoft Visual Studio Solution File, Format Version 12.00
# Visual Studio Version 17
VisualStudioVersion = 17.0.32002.185
MinimumVisualStudioVersion = 10.0.40219.1
Project("{9A19103F-16F7-4668-BE54-9A1E7A4F7556}") = "BlueSchedule.Api", "BlueSchedule.Api\BlueSchedule.Api.csproj", "{1B5F20A5-7930-4A30-801D-58CB19CD0126}"
EndProject
Project("{FAE04EC0-301F-11D3-BF4B-00C04F79EFBC}") = "BlueSchedule.Application", "BlueSchedule.Application\BlueSchedule.Application.csproj", "{AEC6F9F4-F3E8-4191-AD1D-C2B29F26F0E7}"
EndProject
Project("{FAE04EC0-301F-11D3-BF4B-00C04F79EFBC}") = "BlueSchedule.Domain", "BlueSchedule.Domain\BlueSchedule.Domain.csproj", "{DE736D54-F6C6-47DC-B475-74777ECCD183}"
EndProject
Project("{FAE04EC0-301F-11D3-BF4B-00C04F79EFBC}") = "BlueSchedule.Infrastructure", "BlueSchedule.Infrastructure\BlueSchedule.Infrastructure.csproj", "{6584B733-47BF-4217-879F-D4A3150A9B0B}"
EndProject
Global
	GlobalSection(SolutionConfigurationPlatforms) = preSolution
		Debug|Any CPU = Debug|Any CPU
		Release|Any CPU = Release|Any CPU
	EndGlobalSection
	GlobalSection(ProjectConfigurationPlatforms) = postSolution
		{1B5F20A5-7930-4A30-801D-58CB19CD0126}.Debug|Any CPU.ActiveCfg = Debug|Any CPU
		{1B5F20A5-7930-4A30-801D-58CB19CD0126}.Debug|Any CPU.Build.0 = Debug|Any CPU
		{1B5F20A5-7930-4A30-801D-58CB19CD0126}.Release|Any CPU.ActiveCfg = Release|Any CPU
		{1B5F20A5-7930-4A30-801D-58CB19CD0126}.Release|Any CPU.Build.0 = Release|Any CPU
		{AEC6F9F4-F3E8-4191-AD1D-C2B29F26F0E7}.Debug|Any CPU.ActiveCfg = Debug|Any CPU
		{AEC6F9F4-F3E8-4191-AD1D-C2B29F26F0E7}.Debug|Any CPU.Build.0 = Debug|Any CPU
		{AEC6F9F4-F3E8-4191-AD1D-C2B29F26F0E7}.Release|Any CPU.ActiveCfg = Release|Any CPU
		{AEC6F9F4-F3E8-4191-AD1D-C2B29F26F0E7}.Release|Any CPU.Build.0 = Release|Any CPU
		{DE736D54-F6C6-47DC-B475-74777ECCD183}.Debug|Any CPU.ActiveCfg = Debug|Any CPU
		{DE736D54-F6C6-47DC-B475-74777ECCD183}.Debug|Any CPU.Build.0 = Debug|Any CPU
		{DE736D54-F6C6-47DC-B475-74777ECCD183}.Release|Any CPU.ActiveCfg = Release|Any CPU
		{DE736D54-F6C6-47DC-B475-74777ECCD183}.Release|Any CPU.Build.0 = Release|Any CPU
		{6584B733-47BF-4217-879F-D4A3150A9B0B}.Debug|Any CPU.ActiveCfg = Debug|Any CPU
		{6584B733-47BF-4217-879F-D4A3150A9B0B}.Debug|Any CPU.Build.0 = Debug|Any CPU
		{6584B733-47BF-4217-879F-D4A3150A9B0B}.Release|Any CPU.ActiveCfg = Release|Any CPU
		{6584B733-47BF-4217-879F-D4A3150A9B0B}.Release|Any CPU.Build.0 = Release|Any CPU
	EndGlobalSection
	GlobalSection(SolutionProperties) = preSolution
		HideSolutionNode = FALSE
	EndGlobalSection
	GlobalSection(ExtensibilityGlobals) = postSolution
		SolutionGuid = {9B9275EA-AE28-40C2-B3CB-4AECD6BAAA46}
	EndGlobalSection
EndGlobal
